
Microsoft Visual Studio Solution File, Format Version 12.00
# Visual Studio Version 16
VisualStudioVersion = 16.0.30907.101
MinimumVisualStudioVersion = 10.0.40219.1
Project("{FAE04EC0-301F-11D3-BF4B-00C04F79EFBC}") = "proj.UWP", "proj\proj.UWP\proj.UWP.csproj", "{AA7F09B5-3813-4229-ABCC-5F8C15633BC0}"
EndProject
Project("{FAE04EC0-301F-11D3-BF4B-00C04F79EFBC}") = "proj.Android", "proj\proj.Android\proj.Android.csproj", "{1805C803-D2EB-41D8-806C-8BC1212BC339}"
EndProject
Project("{FAE04EC0-301F-11D3-BF4B-00C04F79EFBC}") = "proj.iOS", "proj\proj.iOS\proj.iOS.csproj", "{02F64EC1-511A-45E4-B544-F30AFC4DDE7B}"
EndProject
Project("{9A19103F-16F7-4668-BE54-9A1E7A4F7556}") = "proj", "proj\proj\proj.csproj", "{9D035C67-D412-4A10-A2A0-44C87DB3A556}"
EndProject
Global
	GlobalSection(SolutionConfigurationPlatforms) = preSolution
		Debug|Any CPU = Debug|Any CPU
		Debug|ARM = Debug|ARM
		Debug|iPhone = Debug|iPhone
		Debug|iPhoneSimulator = Debug|iPhoneSimulator
		Debug|x64 = Debug|x64
		Debug|x86 = Debug|x86
		Release|Any CPU = Release|Any CPU
		Release|ARM = Release|ARM
		Release|iPhone = Release|iPhone
		Release|iPhoneSimulator = Release|iPhoneSimulator
		Release|x64 = Release|x64
		Release|x86 = Release|x86
	EndGlobalSection
	GlobalSection(ProjectConfigurationPlatforms) = postSolution
		{AA7F09B5-3813-4229-ABCC-5F8C15633BC0}.Debug|Any CPU.ActiveCfg = Debug|x86
		{AA7F09B5-3813-4229-ABCC-5F8C15633BC0}.Debug|Any CPU.Build.0 = Debug|x86
		{AA7F09B5-3813-4229-ABCC-5F8C15633BC0}.Debug|Any CPU.Deploy.0 = Debug|x86
		{AA7F09B5-3813-4229-ABCC-5F8C15633BC0}.Debug|ARM.ActiveCfg = Debug|ARM
		{AA7F09B5-3813-4229-ABCC-5F8C15633BC0}.Debug|ARM.Build.0 = Debug|ARM
		{AA7F09B5-3813-4229-ABCC-5F8C15633BC0}.Debug|ARM.Deploy.0 = Debug|ARM
		{AA7F09B5-3813-4229-ABCC-5F8C15633BC0}.Debug|iPhone.ActiveCfg = Debug|x86
		{AA7F09B5-3813-4229-ABCC-5F8C15633BC0}.Debug|iPhone.Build.0 = Debug|x86
		{AA7F09B5-3813-4229-ABCC-5F8C15633BC0}.Debug|iPhone.Deploy.0 = Debug|x86
		{AA7F09B5-3813-4229-ABCC-5F8C15633BC0}.Debug|iPhoneSimulator.ActiveCfg = Debug|x86
		{AA7F09B5-3813-4229-ABCC-5F8C15633BC0}.Debug|iPhoneSimulator.Build.0 = Debug|x86
		{AA7F09B5-3813-4229-ABCC-5F8C15633BC0}.Debug|iPhoneSimulator.Deploy.0 = Debug|x86
		{AA7F09B5-3813-4229-ABCC-5F8C15633BC0}.Debug|x64.ActiveCfg = Debug|x64
		{AA7F09B5-3813-4229-ABCC-5F8C15633BC0}.Debug|x64.Build.0 = Debug|x64
		{AA7F09B5-3813-4229-ABCC-5F8C15633BC0}.Debug|x64.Deploy.0 = Debug|x64
		{AA7F09B5-3813-4229-ABCC-5F8C15633BC0}.Debug|x86.ActiveCfg = Debug|x86
		{AA7F09B5-3813-4229-ABCC-5F8C15633BC0}.Debug|x86.Build.0 = Debug|x86
		{AA7F09B5-3813-4229-ABCC-5F8C15633BC0}.Debug|x86.Deploy.0 = Debug|x86
		{AA7F09B5-3813-4229-ABCC-5F8C15633BC0}.Release|Any CPU.ActiveCfg = Release|x86
		{AA7F09B5-3813-4229-ABCC-5F8C15633BC0}.Release|Any CPU.Build.0 = Release|x86
		{AA7F09B5-3813-4229-ABCC-5F8C15633BC0}.Release|Any CPU.Deploy.0 = Release|x86
		{AA7F09B5-3813-4229-ABCC-5F8C15633BC0}.Release|ARM.ActiveCfg = Release|ARM
		{AA7F09B5-3813-4229-ABCC-5F8C15633BC0}.Release|ARM.Build.0 = Release|ARM
		{AA7F09B5-3813-4229-ABCC-5F8C15633BC0}.Release|ARM.Deploy.0 = Release|ARM
		{AA7F09B5-3813-4229-ABCC-5F8C15633BC0}.Release|iPhone.ActiveCfg = Release|x86
		{AA7F09B5-3813-4229-ABCC-5F8C15633BC0}.Release|iPhone.Build.0 = Release|x86
		{AA7F09B5-3813-4229-ABCC-5F8C15633BC0}.Release|iPhone.Deploy.0 = Release|x86
		{AA7F09B5-3813-4229-ABCC-5F8C15633BC0}.Release|iPhoneSimulator.ActiveCfg = Release|x86
		{AA7F09B5-3813-4229-ABCC-5F8C15633BC0}.Release|iPhoneSimulator.Build.0 = Release|x86
		{AA7F09B5-3813-4229-ABCC-5F8C15633BC0}.Release|iPhoneSimulator.Deploy.0 = Release|x86
		{AA7F09B5-3813-4229-ABCC-5F8C15633BC0}.Release|x64.ActiveCfg = Release|x64
		{AA7F09B5-3813-4229-ABCC-5F8C15633BC0}.Release|x64.Build.0 = Release|x64
		{AA7F09B5-3813-4229-ABCC-5F8C15633BC0}.Release|x64.Deploy.0 = Release|x64
		{AA7F09B5-3813-4229-ABCC-5F8C15633BC0}.Release|x86.ActiveCfg = Release|x86
		{AA7F09B5-3813-4229-ABCC-5F8C15633BC0}.Release|x86.Build.0 = Release|x86
		{AA7F09B5-3813-4229-ABCC-5F8C15633BC0}.Release|x86.Deploy.0 = Release|x86
		{1805C803-D2EB-41D8-806C-8BC1212BC339}.Debug|Any CPU.ActiveCfg = Debug|Any CPU
		{1805C803-D2EB-41D8-806C-8BC1212BC339}.Debug|Any CPU.Build.0 = Debug|Any CPU
		{1805C803-D2EB-41D8-806C-8BC1212BC339}.Debug|Any CPU.Deploy.0 = Debug|Any CPU
		{1805C803-D2EB-41D8-806C-8BC1212BC339}.Debug|ARM.ActiveCfg = Debug|Any CPU
		{1805C803-D2EB-41D8-806C-8BC1212BC339}.Debug|ARM.Build.0 = Debug|Any CPU
		{1805C803-D2EB-41D8-806C-8BC1212BC339}.Debug|ARM.Deploy.0 = Debug|Any CPU
		{1805C803-D2EB-41D8-806C-8BC1212BC339}.Debug|iPhone.ActiveCfg = Debug|Any CPU
		{1805C803-D2EB-41D8-806C-8BC1212BC339}.Debug|iPhone.Build.0 = Debug|Any CPU
		{1805C803-D2EB-41D8-806C-8BC1212BC339}.Debug|iPhone.Deploy.0 = Debug|Any CPU
		{1805C803-D2EB-41D8-806C-8BC1212BC339}.Debug|iPhoneSimulator.ActiveCfg = Debug|Any CPU
		{1805C803-D2EB-41D8-806C-8BC1212BC339}.Debug|iPhoneSimulator.Build.0 = Debug|Any CPU
		{1805C803-D2EB-41D8-806C-8BC1212BC339}.Debug|iPhoneSimulator.Deploy.0 = Debug|Any CPU
		{1805C803-D2EB-41D8-806C-8BC1212BC339}.Debug|x64.ActiveCfg = Debug|Any CPU
		{1805C803-D2EB-41D8-806C-8BC1212BC339}.Debug|x64.Build.0 = Debug|Any CPU
		{1805C803-D2EB-41D8-806C-8BC1212BC339}.Debug|x64.Deploy.0 = Debug|Any CPU
		{1805C803-D2EB-41D8-806C-8BC1212BC339}.Debug|x86.ActiveCfg = Debug|Any CPU
		{1805C803-D2EB-41D8-806C-8BC1212BC339}.Debug|x86.Build.0 = Debug|Any CPU
		{1805C803-D2EB-41D8-806C-8BC1212BC339}.Debug|x86.Deploy.0 = Debug|Any CPU
		{1805C803-D2EB-41D8-806C-8BC1212BC339}.Release|Any CPU.ActiveCfg = Release|Any CPU
		{1805C803-D2EB-41D8-806C-8BC1212BC339}.Release|Any CPU.Build.0 = Release|Any CPU
		{1805C803-D2EB-41D8-806C-8BC1212BC339}.Release|Any CPU.Deploy.0 = Release|Any CPU
		{1805C803-D2EB-41D8-806C-8BC1212BC339}.Release|ARM.ActiveCfg = Release|Any CPU
		{1805C803-D2EB-41D8-806C-8BC1212BC339}.Release|ARM.Build.0 = Release|Any CPU
		{1805C803-D2EB-41D8-806C-8BC1212BC339}.Release|ARM.Deploy.0 = Release|Any CPU
		{1805C803-D2EB-41D8-806C-8BC1212BC339}.Release|iPhone.ActiveCfg = Release|Any CPU
		{1805C803-D2EB-41D8-806C-8BC1212BC339}.Release|iPhone.Build.0 = Release|Any CPU
		{1805C803-D2EB-41D8-806C-8BC1212BC339}.Release|iPhone.Deploy.0 = Release|Any CPU
		{1805C803-D2EB-41D8-806C-8BC1212BC339}.Release|iPhoneSimulator.ActiveCfg = Release|Any CPU
		{1805C803-D2EB-41D8-806C-8BC1212BC339}.Release|iPhoneSimulator.Build.0 = Release|Any CPU
		{1805C803-D2EB-41D8-806C-8BC1212BC339}.Release|iPhoneSimulator.Deploy.0 = Release|Any CPU
		{1805C803-D2EB-41D8-806C-8BC1212BC339}.Release|x64.ActiveCfg = Release|Any CPU
		{1805C803-D2EB-41D8-806C-8BC1212BC339}.Release|x64.Build.0 = Release|Any CPU
		{1805C803-D2EB-41D8-806C-8BC1212BC339}.Release|x64.Deploy.0 = Release|Any CPU
		{1805C803-D2EB-41D8-806C-8BC1212BC339}.Release|x86.ActiveCfg = Release|Any CPU
		{1805C803-D2EB-41D8-806C-8BC1212BC339}.Release|x86.Build.0 = Release|Any CPU
		{1805C803-D2EB-41D8-806C-8BC1212BC339}.Release|x86.Deploy.0 = Release|Any CPU
		{02F64EC1-511A-45E4-B544-F30AFC4DDE7B}.Debug|Any CPU.ActiveCfg = Debug|iPhoneSimulator
		{02F64EC1-511A-45E4-B544-F30AFC4DDE7B}.Debug|Any CPU.Build.0 = Debug|iPhoneSimulator
		{02F64EC1-511A-45E4-B544-F30AFC4DDE7B}.Debug|Any CPU.Deploy.0 = Debug|iPhoneSimulator
		{02F64EC1-511A-45E4-B544-F30AFC4DDE7B}.Debug|ARM.ActiveCfg = Debug|iPhone
		{02F64EC1-511A-45E4-B544-F30AFC4DDE7B}.Debug|ARM.Build.0 = Debug|iPhone
		{02F64EC1-511A-45E4-B544-F30AFC4DDE7B}.Debug|ARM.Deploy.0 = Debug|iPhone
		{02F64EC1-511A-45E4-B544-F30AFC4DDE7B}.Debug|iPhone.ActiveCfg = Debug|iPhone
		{02F64EC1-511A-45E4-B544-F30AFC4DDE7B}.Debug|iPhone.Build.0 = Debug|iPhone
		{02F64EC1-511A-45E4-B544-F30AFC4DDE7B}.Debug|iPhone.Deploy.0 = Debug|iPhone
		{02F64EC1-511A-45E4-B544-F30AFC4DDE7B}.Debug|iPhoneSimulator.ActiveCfg = Debug|iPhoneSimulator
		{02F64EC1-511A-45E4-B544-F30AFC4DDE7B}.Debug|iPhoneSimulator.Build.0 = Debug|iPhoneSimulator
		{02F64EC1-511A-45E4-B544-F30AFC4DDE7B}.Debug|iPhoneSimulator.Deploy.0 = Debug|iPhoneSimulator
		{02F64EC1-511A-45E4-B544-F30AFC4DDE7B}.Debug|x64.ActiveCfg = Debug|iPhoneSimulator
		{02F64EC1-511A-45E4-B544-F30AFC4DDE7B}.Debug|x64.Build.0 = Debug|iPhoneSimulator
		{02F64EC1-511A-45E4-B544-F30AFC4DDE7B}.Debug|x64.Deploy.0 = Debug|iPhoneSimulator
		{02F64EC1-511A-45E4-B544-F30AFC4DDE7B}.Debug|x86.ActiveCfg = Debug|iPhoneSimulator
		{02F64EC1-511A-45E4-B544-F30AFC4DDE7B}.Debug|x86.Build.0 = Debug|iPhoneSimulator
		{02F64EC1-511A-45E4-B544-F30AFC4DDE7B}.Debug|x86.Deploy.0 = Debug|iPhoneSimulator
		{02F64EC1-511A-45E4-B544-F30AFC4DDE7B}.Release|Any CPU.ActiveCfg = Release|iPhoneSimulator
		{02F64EC1-511A-45E4-B544-F30AFC4DDE7B}.Release|Any CPU.Build.0 = Release|iPhoneSimulator
		{02F64EC1-511A-45E4-B544-F30AFC4DDE7B}.Release|Any CPU.Deploy.0 = Release|iPhoneSimulator
		{02F64EC1-511A-45E4-B544-F30AFC4DDE7B}.Release|ARM.ActiveCfg = Release|iPhoneSimulator
		{02F64EC1-511A-45E4-B544-F30AFC4DDE7B}.Release|ARM.Build.0 = Release|iPhoneSimulator
		{02F64EC1-511A-45E4-B544-F30AFC4DDE7B}.Release|ARM.Deploy.0 = Release|iPhoneSimulator
		{02F64EC1-511A-45E4-B544-F30AFC4DDE7B}.Release|iPhone.ActiveCfg = Release|iPhone
		{02F64EC1-511A-45E4-B544-F30AFC4DDE7B}.Release|iPhone.Build.0 = Release|iPhone
		{02F64EC1-511A-45E4-B544-F30AFC4DDE7B}.Release|iPhone.Deploy.0 = Release|iPhone
		{02F64EC1-511A-45E4-B544-F30AFC4DDE7B}.Release|iPhoneSimulator.ActiveCfg = Release|iPhoneSimulator
		{02F64EC1-511A-45E4-B544-F30AFC4DDE7B}.Release|iPhoneSimulator.Build.0 = Release|iPhoneSimulator
		{02F64EC1-511A-45E4-B544-F30AFC4DDE7B}.Release|iPhoneSimulator.Deploy.0 = Release|iPhoneSimulator
		{02F64EC1-511A-45E4-B544-F30AFC4DDE7B}.Release|x64.ActiveCfg = Release|iPhoneSimulator
		{02F64EC1-511A-45E4-B544-F30AFC4DDE7B}.Release|x64.Build.0 = Release|iPhoneSimulator
		{02F64EC1-511A-45E4-B544-F30AFC4DDE7B}.Release|x64.Deploy.0 = Release|iPhoneSimulator
		{02F64EC1-511A-45E4-B544-F30AFC4DDE7B}.Release|x86.ActiveCfg = Release|iPhoneSimulator
		{02F64EC1-511A-45E4-B544-F30AFC4DDE7B}.Release|x86.Build.0 = Release|iPhoneSimulator
		{02F64EC1-511A-45E4-B544-F30AFC4DDE7B}.Release|x86.Deploy.0 = Release|iPhoneSimulator
		{9D035C67-D412-4A10-A2A0-44C87DB3A556}.Debug|Any CPU.ActiveCfg = Debug|Any CPU
		{9D035C67-D412-4A10-A2A0-44C87DB3A556}.Debug|Any CPU.Build.0 = Debug|Any CPU
		{9D035C67-D412-4A10-A2A0-44C87DB3A556}.Debug|Any CPU.Deploy.0 = Debug|Any CPU
		{9D035C67-D412-4A10-A2A0-44C87DB3A556}.Debug|ARM.ActiveCfg = Debug|Any CPU
		{9D035C67-D412-4A10-A2A0-44C87DB3A556}.Debug|ARM.Build.0 = Debug|Any CPU
		{9D035C67-D412-4A10-A2A0-44C87DB3A556}.Debug|ARM.Deploy.0 = Debug|Any CPU
		{9D035C67-D412-4A10-A2A0-44C87DB3A556}.Debug|iPhone.ActiveCfg = Debug|Any CPU
		{9D035C67-D412-4A10-A2A0-44C87DB3A556}.Debug|iPhone.Build.0 = Debug|Any CPU
		{9D035C67-D412-4A10-A2A0-44C87DB3A556}.Debug|iPhone.Deploy.0 = Debug|Any CPU
		{9D035C67-D412-4A10-A2A0-44C87DB3A556}.Debug|iPhoneSimulator.ActiveCfg = Debug|Any CPU
		{9D035C67-D412-4A10-A2A0-44C87DB3A556}.Debug|iPhoneSimulator.Build.0 = Debug|Any CPU
		{9D035C67-D412-4A10-A2A0-44C87DB3A556}.Debug|iPhoneSimulator.Deploy.0 = Debug|Any CPU
		{9D035C67-D412-4A10-A2A0-44C87DB3A556}.Debug|x64.ActiveCfg = Debug|Any CPU
		{9D035C67-D412-4A10-A2A0-44C87DB3A556}.Debug|x64.Build.0 = Debug|Any CPU
		{9D035C67-D412-4A10-A2A0-44C87DB3A556}.Debug|x64.Deploy.0 = Debug|Any CPU
		{9D035C67-D412-4A10-A2A0-44C87DB3A556}.Debug|x86.ActiveCfg = Debug|Any CPU
		{9D035C67-D412-4A10-A2A0-44C87DB3A556}.Debug|x86.Build.0 = Debug|Any CPU
		{9D035C67-D412-4A10-A2A0-44C87DB3A556}.Debug|x86.Deploy.0 = Debug|Any CPU
		{9D035C67-D412-4A10-A2A0-44C87DB3A556}.Release|Any CPU.ActiveCfg = Release|Any CPU
		{9D035C67-D412-4A10-A2A0-44C87DB3A556}.Release|Any CPU.Build.0 = Release|Any CPU
		{9D035C67-D412-4A10-A2A0-44C87DB3A556}.Release|Any CPU.Deploy.0 = Release|Any CPU
		{9D035C67-D412-4A10-A2A0-44C87DB3A556}.Release|ARM.ActiveCfg = Release|Any CPU
		{9D035C67-D412-4A10-A2A0-44C87DB3A556}.Release|ARM.Build.0 = Release|Any CPU
		{9D035C67-D412-4A10-A2A0-44C87DB3A556}.Release|ARM.Deploy.0 = Release|Any CPU
		{9D035C67-D412-4A10-A2A0-44C87DB3A556}.Release|iPhone.ActiveCfg = Release|Any CPU
		{9D035C67-D412-4A10-A2A0-44C87DB3A556}.Release|iPhone.Build.0 = Release|Any CPU
		{9D035C67-D412-4A10-A2A0-44C87DB3A556}.Release|iPhone.Deploy.0 = Release|Any CPU
		{9D035C67-D412-4A10-A2A0-44C87DB3A556}.Release|iPhoneSimulator.ActiveCfg = Release|Any CPU
		{9D035C67-D412-4A10-A2A0-44C87DB3A556}.Release|iPhoneSimulator.Build.0 = Release|Any CPU
		{9D035C67-D412-4A10-A2A0-44C87DB3A556}.Release|iPhoneSimulator.Deploy.0 = Release|Any CPU
		{9D035C67-D412-4A10-A2A0-44C87DB3A556}.Release|x64.ActiveCfg = Release|Any CPU
		{9D035C67-D412-4A10-A2A0-44C87DB3A556}.Release|x64.Build.0 = Release|Any CPU
		{9D035C67-D412-4A10-A2A0-44C87DB3A556}.Release|x64.Deploy.0 = Release|Any CPU
		{9D035C67-D412-4A10-A2A0-44C87DB3A556}.Release|x86.ActiveCfg = Release|Any CPU
		{9D035C67-D412-4A10-A2A0-44C87DB3A556}.Release|x86.Build.0 = Release|Any CPU
		{9D035C67-D412-4A10-A2A0-44C87DB3A556}.Release|x86.Deploy.0 = Release|Any CPU
	EndGlobalSection
	GlobalSection(SolutionProperties) = preSolution
		HideSolutionNode = FALSE
	EndGlobalSection
	GlobalSection(ExtensibilityGlobals) = postSolution
		SolutionGuid = {D69FE575-8C39-4FE3-AB98-CABC033FAC08}
	EndGlobalSection
EndGlobal
